
Microsoft Visual Studio Solution File, Format Version 12.00
# Visual Studio Version 17
VisualStudioVersion = 17.11.35312.102
MinimumVisualStudioVersion = 10.0.40219.1
Project("{FAE04EC0-301F-11D3-BF4B-00C04F79EFBC}") = "EmulatorConsoleApp", "EmulatorConsoleApp.csproj", "{011F6E9B-09E6-4EED-AC5E-3A1C6C92E8EC}"
EndProject
Global
	GlobalSection(SolutionConfigurationPlatforms) = preSolution
		Debug|Any CPU = Debug|Any CPU
		Release|Any CPU = Release|Any CPU
	EndGlobalSection
	GlobalSection(ProjectConfigurationPlatforms) = postSolution
		{011F6E9B-09E6-4EED-AC5E-3A1C6C92E8EC}.Debug|Any CPU.ActiveCfg = Debug|Any CPU
		{011F6E9B-09E6-4EED-AC5E-3A1C6C92E8EC}.Debug|Any CPU.Build.0 = Debug|Any CPU
		{011F6E9B-09E6-4EED-AC5E-3A1C6C92E8EC}.Release|Any CPU.ActiveCfg = Release|Any CPU
		{011F6E9B-09E6-4EED-AC5E-3A1C6C92E8EC}.Release|Any CPU.Build.0 = Release|Any CPU
	EndGlobalSection
	GlobalSection(SolutionProperties) = preSolution
		HideSolutionNode = FALSE
	EndGlobalSection
	GlobalSection(ExtensibilityGlobals) = postSolution
		SolutionGuid = {5B8C9FF8-ACE7-4BD5-9FC2-DA23FBFE7542}
	EndGlobalSection
EndGlobal
